
Microsoft Visual Studio Solution File, Format Version 12.00
# Visual Studio 15
VisualStudioVersion = 15.0.27428.2027
MinimumVisualStudioVersion = 10.0.40219.1
Project("{FAE04EC0-301F-11D3-BF4B-00C04F79EFBC}") = "TeileListe", "TeileListe\TeileListe.csproj", "{44A1CF9F-B49C-47F6-8334-4A77FE76FC0E}"
EndProject
Project("{FAE04EC0-301F-11D3-BF4B-00C04F79EFBC}") = "TeileListe.Common", "TeileListe.Common\TeileListe.Common.csproj", "{E500FA1C-9FA3-4978-A384-3297E58011F5}"
EndProject
Project("{FAE04EC0-301F-11D3-BF4B-00C04F79EFBC}") = "TeileListe.XmlFile", "TeileListe.FileTable\TeileListe.XmlFile.csproj", "{B0A38F81-16CE-42F5-815F-CEE1C769E0CB}"
EndProject
Project("{FAE04EC0-301F-11D3-BF4B-00C04F79EFBC}") = "TeileListe.Exporter", "TeileListe.Exporter\TeileListe.Exporter.csproj", "{A2D68520-C8B4-41DF-A39C-ACB329E07B49}"
	ProjectSection(ProjectDependencies) = postProject
		{E500FA1C-9FA3-4978-A384-3297E58011F5} = {E500FA1C-9FA3-4978-A384-3297E58011F5}
	EndProjectSection
EndProject
Global
	GlobalSection(SolutionConfigurationPlatforms) = preSolution
		IniFile|Any CPU = IniFile|Any CPU
		IniFile|Mixed Platforms = IniFile|Mixed Platforms
		IniFile|x86 = IniFile|x86
	EndGlobalSection
	GlobalSection(ProjectConfigurationPlatforms) = postSolution
		{44A1CF9F-B49C-47F6-8334-4A77FE76FC0E}.IniFile|Any CPU.ActiveCfg = Debug|x86
		{44A1CF9F-B49C-47F6-8334-4A77FE76FC0E}.IniFile|Any CPU.Build.0 = Debug|x86
		{44A1CF9F-B49C-47F6-8334-4A77FE76FC0E}.IniFile|Mixed Platforms.ActiveCfg = Debug|x86
		{44A1CF9F-B49C-47F6-8334-4A77FE76FC0E}.IniFile|Mixed Platforms.Build.0 = Debug|x86
		{44A1CF9F-B49C-47F6-8334-4A77FE76FC0E}.IniFile|x86.ActiveCfg = Debug|x86
		{44A1CF9F-B49C-47F6-8334-4A77FE76FC0E}.IniFile|x86.Build.0 = Debug|x86
		{E500FA1C-9FA3-4978-A384-3297E58011F5}.IniFile|Any CPU.ActiveCfg = Debug|Any CPU
		{E500FA1C-9FA3-4978-A384-3297E58011F5}.IniFile|Any CPU.Build.0 = Debug|Any CPU
		{E500FA1C-9FA3-4978-A384-3297E58011F5}.IniFile|Mixed Platforms.ActiveCfg = Debug|Any CPU
		{E500FA1C-9FA3-4978-A384-3297E58011F5}.IniFile|Mixed Platforms.Build.0 = Debug|Any CPU
		{E500FA1C-9FA3-4978-A384-3297E58011F5}.IniFile|x86.ActiveCfg = Debug|Any CPU
		{B0A38F81-16CE-42F5-815F-CEE1C769E0CB}.IniFile|Any CPU.ActiveCfg = Debug|Any CPU
		{B0A38F81-16CE-42F5-815F-CEE1C769E0CB}.IniFile|Any CPU.Build.0 = Debug|Any CPU
		{B0A38F81-16CE-42F5-815F-CEE1C769E0CB}.IniFile|Mixed Platforms.ActiveCfg = Debug|Any CPU
		{B0A38F81-16CE-42F5-815F-CEE1C769E0CB}.IniFile|Mixed Platforms.Build.0 = Debug|Any CPU
		{B0A38F81-16CE-42F5-815F-CEE1C769E0CB}.IniFile|x86.ActiveCfg = Debug|Any CPU
		{A2D68520-C8B4-41DF-A39C-ACB329E07B49}.IniFile|Any CPU.ActiveCfg = Debug|Any CPU
		{A2D68520-C8B4-41DF-A39C-ACB329E07B49}.IniFile|Any CPU.Build.0 = Debug|Any CPU
		{A2D68520-C8B4-41DF-A39C-ACB329E07B49}.IniFile|Mixed Platforms.ActiveCfg = Debug|Any CPU
		{A2D68520-C8B4-41DF-A39C-ACB329E07B49}.IniFile|Mixed Platforms.Build.0 = Debug|Any CPU
		{A2D68520-C8B4-41DF-A39C-ACB329E07B49}.IniFile|x86.ActiveCfg = Debug|Any CPU
		{A2D68520-C8B4-41DF-A39C-ACB329E07B49}.IniFile|x86.Build.0 = Debug|Any CPU
	EndGlobalSection
	GlobalSection(SolutionProperties) = preSolution
		HideSolutionNode = FALSE
	EndGlobalSection
	GlobalSection(ExtensibilityGlobals) = postSolution
		SolutionGuid = {DF5D0B91-4B1B-472E-99CA-2955CD90302B}
	EndGlobalSection
EndGlobal
